{
  "name": "xxhash-wasm-bench",
  "lockfileVersion": 3,
  "requires": true,
  "packages": {
    "": {
      "name": "xxhash-wasm-bench",
      "license": "MIT",
      "dependencies": {
        "benchmark": "^2.1.4",
        "xxhashjs": "^0.2.2"
      }
    },
    "node_modules/benchmark": {
      "version": "2.1.4",
      "license": "MIT",
      "dependencies": {
        "lodash": "^4.17.4",
        "platform": "^1.3.3"
      }
    },
    "node_modules/cuint": {
      "version": "0.2.2",
      "license": "MIT"
    },
    "node_modules/lodash": {
      "version": "4.17.21",
      "license": "MIT"
    },
    "node_modules/platform": {
      "version": "1.3.4",
      "license": "MIT"
    },
    "node_modules/xxhashjs": {
      "version": "0.2.2",
      "license": "MIT",
      "dependencies": {
        "cuint": "^0.2.2"
      }
    }
  }
}
